// !$*UTF8*$!
{
	archiveVersion = 1;
	classes = {
	};
	objectVersion = 50;
	objects = {

/* Begin PBXBuildFile section */
		BA2DB5462474C99600B82910 /* AppDelegate.swift in Sources */ = {isa = PBXBuildFile; fileRef = BA2DB5452474C99600B82910 /* AppDelegate.swift */; };
		BA2DB5482474C99600B82910 /* SceneDelegate.swift in Sources */ = {isa = PBXBuildFile; fileRef = BA2DB5472474C99600B82910 /* SceneDelegate.swift */; };
		BA2DB54D2474C99600B82910 /* Main.storyboard in Resources */ = {isa = PBXBuildFile; fileRef = BA2DB54B2474C99600B82910 /* Main.storyboard */; };
		BA2DB54F2474C99700B82910 /* Assets.xcassets in Resources */ = {isa = PBXBuildFile; fileRef = BA2DB54E2474C99700B82910 /* Assets.xcassets */; };
		BA2DB5522474C99700B82910 /* LaunchScreen.storyboard in Resources */ = {isa = PBXBuildFile; fileRef = BA2DB5502474C99700B82910 /* LaunchScreen.storyboard */; };
		BA2DB55A2474CAC700B82910 /* BountyViewController.swift in Sources */ = {isa = PBXBuildFile; fileRef = BA2DB5592474CAC700B82910 /* BountyViewController.swift */; };
		BA2DB55C24750CB900B82910 /* DetailViewController.swift in Sources */ = {isa = PBXBuildFile; fileRef = BA2DB55B24750CB900B82910 /* DetailViewController.swift */; };
		BA2DB55E247EB15000B82910 /* BountyInfo.swift in Sources */ = {isa = PBXBuildFile; fileRef = BA2DB55D247EB15000B82910 /* BountyInfo.swift */; };
		BA46653C24E02C3500175832 /* BountyViewModel.swift in Sources */ = {isa = PBXBuildFile; fileRef = BA46653B24E02C3500175832 /* BountyViewModel.swift */; };
		BA46653E24E0300500175832 /* DetailViewModel.swift in Sources */ = {isa = PBXBuildFile; fileRef = BA46653D24E0300500175832 /* DetailViewModel.swift */; };
/* End PBXBuildFile section */

/* Begin PBXFileReference section */
		BA2DB5422474C99600B82910 /* BountyList.app */ = {isa = PBXFileReference; explicitFileType = wrapper.application; includeInIndex = 0; path = BountyList.app; sourceTree = BUILT_PRODUCTS_DIR; };
		BA2DB5452474C99600B82910 /* AppDelegate.swift */ = {isa = PBXFileReference; lastKnownFileType = sourcecode.swift; path = AppDelegate.swift; sourceTree = "<group>"; };
		BA2DB5472474C99600B82910 /* SceneDelegate.swift */ = {isa = PBXFileReference; lastKnownFileType = sourcecode.swift; path = SceneDelegate.swift; sourceTree = "<group>"; };
		BA2DB54C2474C99600B82910 /* Base */ = {isa = PBXFileReference; lastKnownFileType = file.storyboard; name = Base; path = Base.lproj/Main.storyboard; sourceTree = "<group>"; };
		BA2DB54E2474C99700B82910 /* Assets.xcassets */ = {isa = PBXFileReference; lastKnownFileType = folder.assetcatalog; path = Assets.xcassets; sourceTree = "<group>"; };
		BA2DB5512474C99700B82910 /* Base */ = {isa = PBXFileReference; lastKnownFileType = file.storyboard; name = Base; path = Base.lproj/LaunchScreen.storyboard; sourceTree = "<group>"; };
		BA2DB5532474C99700B82910 /* Info.plist */ = {isa = PBXFileReference; lastKnownFileType = text.plist.xml; path = Info.plist; sourceTree = "<group>"; };
		BA2DB5592474CAC700B82910 /* BountyViewController.swift */ = {isa = PBXFileReference; lastKnownFileType = sourcecode.swift; path = BountyViewController.swift; sourceTree = "<group>"; };
		BA2DB55B24750CB900B82910 /* DetailViewController.swift */ = {isa = PBXFileReference; lastKnownFileType = sourcecode.swift; path = DetailViewController.swift; sourceTree = "<group>"; };
		BA2DB55D247EB15000B82910 /* BountyInfo.swift */ = {isa = PBXFileReference; lastKnownFileType = sourcecode.swift; path = BountyInfo.swift; sourceTree = "<group>"; };
		BA46653B24E02C3500175832 /* BountyViewModel.swift */ = {isa = PBXFileReference; lastKnownFileType = sourcecode.swift; path = BountyViewModel.swift; sourceTree = "<group>"; };
		BA46653D24E0300500175832 /* DetailViewModel.swift */ = {isa = PBXFileReference; lastKnownFileType = sourcecode.swift; path = DetailViewModel.swift; sourceTree = "<group>"; };
/* End PBXFileReference section */

/* Begin PBXFrameworksBuildPhase section */
		BA2DB53F2474C99600B82910 /* Frameworks */ = {
			isa = PBXFrameworksBuildPhase;
			buildActionMask = 2147483647;
			files = (
			);
			runOnlyForDeploymentPostprocessing = 0;
		};
/* End PBXFrameworksBuildPhase section */

/* Begin PBXGroup section */
		BA2DB5392474C99600B82910 = {
			isa = PBXGroup;
			children = (
				BA2DB5442474C99600B82910 /* BountyList */,
				BA2DB5432474C99600B82910 /* Products */,
			);
			sourceTree = "<group>";
		};
		BA2DB5432474C99600B82910 /* Products */ = {
			isa = PBXGroup;
			children = (
				BA2DB5422474C99600B82910 /* BountyList.app */,
			);
			name = Products;
			sourceTree = "<group>";
		};
		BA2DB5442474C99600B82910 /* BountyList */ = {
			isa = PBXGroup;
			children = (
				BA2DB5452474C99600B82910 /* AppDelegate.swift */,
				BA2DB5472474C99600B82910 /* SceneDelegate.swift */,
				BA46653A24E02BDB00175832 /* View */,
				BA46653924E02BD700175832 /* ViewModel */,
				BA46653824E02BCB00175832 /* Model */,
				BA2DB54B2474C99600B82910 /* Main.storyboard */,
				BA2DB54E2474C99700B82910 /* Assets.xcassets */,
				BA2DB5502474C99700B82910 /* LaunchScreen.storyboard */,
				BA2DB5532474C99700B82910 /* Info.plist */,
			);
			path = BountyList;
			sourceTree = "<group>";
		};
		BA46653824E02BCB00175832 /* Model */ = {
			isa = PBXGroup;
			children = (
				BA2DB55D247EB15000B82910 /* BountyInfo.swift */,
			);
			path = Model;
			sourceTree = "<group>";
		};
		BA46653924E02BD700175832 /* ViewModel */ = {
			isa = PBXGroup;
			children = (
				BA46653B24E02C3500175832 /* BountyViewModel.swift */,
				BA46653D24E0300500175832 /* DetailViewModel.swift */,
			);
			path = ViewModel;
			sourceTree = "<group>";
		};
		BA46653A24E02BDB00175832 /* View */ = {
			isa = PBXGroup;
			children = (
				BA2DB5592474CAC700B82910 /* BountyViewController.swift */,
				BA2DB55B24750CB900B82910 /* DetailViewController.swift */,
			);
			path = View;
			sourceTree = "<group>";
		};
/* End PBXGroup section */

/* Begin PBXNativeTarget section */
		BA2DB5412474C99600B82910 /* BountyList */ = {
			isa = PBXNativeTarget;
			buildConfigurationList = BA2DB5562474C99700B82910 /* Build configuration list for PBXNativeTarget "BountyList" */;
			buildPhases = (
				BA2DB53E2474C99600B82910 /* Sources */,
				BA2DB53F2474C99600B82910 /* Frameworks */,
				BA2DB5402474C99600B82910 /* Resources */,
			);
			buildRules = (
			);
			dependencies = (
			);
			name = BountyList;
			productName = BountyList;
			productReference = BA2DB5422474C99600B82910 /* BountyList.app */;
			productType = "com.apple.product-type.application";
		};
/* End PBXNativeTarget section */

/* Begin PBXProject section */
		BA2DB53A2474C99600B82910 /* Project object */ = {
			isa = PBXProject;
			attributes = {
				LastSwiftUpdateCheck = 1140;
				LastUpgradeCheck = 1140;
				ORGANIZATIONNAME = pazravien;
				TargetAttributes = {
					BA2DB5412474C99600B82910 = {
						CreatedOnToolsVersion = 11.4.1;
					};
				};
			};
			buildConfigurationList = BA2DB53D2474C99600B82910 /* Build configuration list for PBXProject "BountyList" */;
			compatibilityVersion = "Xcode 9.3";
			developmentRegion = en;
			hasScannedForEncodings = 0;
			knownRegions = (
				en,
				Base,
			);
			mainGroup = BA2DB5392474C99600B82910;
			productRefGroup = BA2DB5432474C99600B82910 /* Products */;
			projectDirPath = "";
			projectRoot = "";
			targets = (
				BA2DB5412474C99600B82910 /* BountyList */,
			);
		};
/* End PBXProject section */

/* Begin PBXResourcesBuildPhase section */
		BA2DB5402474C99600B82910 /* Resources */ = {
			isa = PBXResourcesBuildPhase;
			buildActionMask = 2147483647;
			files = (
				BA2DB5522474C99700B82910 /* LaunchScreen.storyboard in Resources */,
				BA2DB54F2474C99700B82910 /* Assets.xcassets in Resources */,
				BA2DB54D2474C99600B82910 /* Main.storyboard in Resources */,
			);
			runOnlyForDeploymentPostprocessing = 0;
		};
/* End PBXResourcesBuildPhase section */

/* Begin PBXSourcesBuildPhase section */
		BA2DB53E2474C99600B82910 /* Sources */ = {
			isa = PBXSourcesBuildPhase;
			buildActionMask = 2147483647;
			files = (
				BA2DB55E247EB15000B82910 /* BountyInfo.swift in Sources */,
				BA2DB5462474C99600B82910 /* AppDelegate.swift in Sources */,
				BA46653E24E0300500175832 /* DetailViewModel.swift in Sources */,
				BA2DB55A2474CAC700B82910 /* BountyViewController.swift in Sources */,
				BA46653C24E02C3500175832 /* BountyViewModel.swift in Sources */,
				BA2DB5482474C99600B82910 /* SceneDelegate.swift in Sources */,
				BA2DB55C24750CB900B82910 /* DetailViewController.swift in Sources */,
			);
			runOnlyForDeploymentPostprocessing = 0;
		};
/* End PBXSourcesBuildPhase section */

/* Begin PBXVariantGroup section */
		BA2DB54B2474C99600B82910 /* Main.storyboard */ = {
			isa = PBXVariantGroup;
			children = (
				BA2DB54C2474C99600B82910 /* Base */,
			);
			name = Main.storyboard;
			sourceTree = "<group>";
		};
		BA2DB5502474C99700B82910 /* LaunchScreen.storyboard */ = {
			isa = PBXVariantGroup;
			children = (
				BA2DB5512474C99700B82910 /* Base */,
			);
			name = LaunchScreen.storyboard;
			sourceTree = "<group>";
		};
/* End PBXVariantGroup section */

/* Begin XCBuildConfiguration section */
		BA2DB5542474C99700B82910 /* Debug */ = {
			isa = XCBuildConfiguration;
			buildSettings = {
				ALWAYS_SEARCH_USER_PATHS = NO;
				CLANG_ANALYZER_NONNULL = YES;
				CLANG_ANALYZER_NUMBER_OBJECT_CONVERSION = YES_AGGRESSIVE;
				CLANG_CXX_LANGUAGE_STANDARD = "gnu++14";
				CLANG_CXX_LIBRARY = "libc++";
				CLANG_ENABLE_MODULES = YES;
				CLANG_ENABLE_OBJC_ARC = YES;
				CLANG_ENABLE_OBJC_WEAK = YES;
				CLANG_WARN_BLOCK_CAPTURE_AUTORELEASING = YES;
				CLANG_WARN_BOOL_CONVERSION = YES;
				CLANG_WARN_COMMA = YES;
				CLANG_WARN_CONSTANT_CONVERSION = YES;
				CLANG_WARN_DEPRECATED_OBJC_IMPLEMENTATIONS = YES;
				CLANG_WARN_DIRECT_OBJC_ISA_USAGE = YES_ERROR;
				CLANG_WARN_DOCUMENTATION_COMMENTS = YES;
				CLANG_WARN_EMPTY_BODY = YES;
				CLANG_WARN_ENUM_CONVERSION = YES;
				CLANG_WARN_INFINITE_RECURSION = YES;
				CLANG_WARN_INT_CONVERSION = YES;
				CLANG_WARN_NON_LITERAL_NULL_CONVERSION = YES;
				CLANG_WARN_OBJC_IMPLICIT_RETAIN_SELF = YES;
				CLANG_WARN_OBJC_LITERAL_CONVERSION = YES;
				CLANG_WARN_OBJC_ROOT_CLASS = YES_ERROR;
				CLANG_WARN_RANGE_LOOP_ANALYSIS = YES;
				CLANG_WARN_STRICT_PROTOTYPES = YES;
				CLANG_WARN_SUSPICIOUS_MOVE = YES;
				CLANG_WARN_UNGUARDED_AVAILABILITY = YES_AGGRESSIVE;
				CLANG_WARN_UNREACHABLE_CODE = YES;
				CLANG_WARN__DUPLICATE_METHOD_MATCH = YES;
				COPY_PHASE_STRIP = NO;
				DEBUG_INFORMATION_FORMAT = dwarf;
				ENABLE_STRICT_OBJC_MSGSEND = YES;
				ENABLE_TESTABILITY = YES;
				GCC_C_LANGUAGE_STANDARD = gnu11;
				GCC_DYNAMIC_NO_PIC = NO;
				GCC_NO_COMMON_BLOCKS = YES;
				GCC_OPTIMIZATION_LEVEL = 0;
				GCC_PREPROCESSOR_DEFINITIONS = (
					"DEBUG=1",
					"$(inherited)",
				);
				GCC_WARN_64_TO_32_BIT_CONVERSION = YES;
				GCC_WARN_ABOUT_RETURN_TYPE = YES_ERROR;
				GCC_WARN_UNDECLARED_SELECTOR = YES;
				GCC_WARN_UNINITIALIZED_AUTOS = YES_AGGRESSIVE;
				GCC_WARN_UNUSED_FUNCTION = YES;
				GCC_WARN_UNUSED_VARIABLE = YES;
				IPHONEOS_DEPLOYMENT_TARGET = 13.4;
				MTL_ENABLE_DEBUG_INFO = INCLUDE_SOURCE;
				MTL_FAST_MATH = YES;
				ONLY_ACTIVE_ARCH = YES;
				SDKROOT = iphoneos;
				SWIFT_ACTIVE_COMPILATION_CONDITIONS = DEBUG;
				SWIFT_OPTIMIZATION_LEVEL = "-Onone";
			};
			name = Debug;
		};
		BA2DB5552474C99700B82910 /* Release */ = {
			isa = XCBuildConfiguration;
			buildSettings = {
				ALWAYS_SEARCH_USER_PATHS = NO;
				CLANG_ANALYZER_NONNULL = YES;
				CLANG_ANALYZER_NUMBER_OBJECT_CONVERSION = YES_AGGRESSIVE;
				CLANG_CXX_LANGUAGE_STANDARD = "gnu++14";
				CLANG_CXX_LIBRARY = "libc++";
				CLANG_ENABLE_MODULES = YES;
				CLANG_ENABLE_OBJC_ARC = YES;
				CLANG_ENABLE_OBJC_WEAK = YES;
				CLANG_WARN_BLOCK_CAPTURE_AUTORELEASING = YES;
				CLANG_WARN_BOOL_CONVERSION = YES;
				CLANG_WARN_COMMA = YES;
				CLANG_WARN_CONSTANT_CONVERSION = YES;
				CLANG_WARN_DEPRECATED_OBJC_IMPLEMENTATIONS = YES;
				CLANG_WARN_DIRECT_OBJC_ISA_USAGE = YES_ERROR;
				CLANG_WARN_DOCUMENTATION_COMMENTS = YES;
				CLANG_WARN_EMPTY_BODY = YES;
				CLANG_WARN_ENUM_CONVERSION = YES;
				CLANG_WARN_INFINITE_RECURSION = YES;
				CLANG_WARN_INT_CONVERSION = YES;
				CLANG_WARN_NON_LITERAL_NULL_CONVERSION = YES;
				CLANG_WARN_OBJC_IMPLICIT_RETAIN_SELF = YES;
				CLANG_WARN_OBJC_LITERAL_CONVERSION = YES;
				CLANG_WARN_OBJC_ROOT_CLASS = YES_ERROR;
				CLANG_WARN_RANGE_LOOP_ANALYSIS = YES;
				CLANG_WARN_STRICT_PROTOTYPES = YES;
				CLANG_WARN_SUSPICIOUS_MOVE = YES;
				CLANG_WARN_UNGUARDED_AVAILABILITY = YES_AGGRESSIVE;
				CLANG_WARN_UNREACHABLE_CODE = YES;
				CLANG_WARN__DUPLICATE_METHOD_MATCH = YES;
				COPY_PHASE_STRIP = NO;
				DEBUG_INFORMATION_FORMAT = "dwarf-with-dsym";
				ENABLE_NS_ASSERTIONS = NO;
				ENABLE_STRICT_OBJC_MSGSEND = YES;
				GCC_C_LANGUAGE_STANDARD = gnu11;
				GCC_NO_COMMON_BLOCKS = YES;
				GCC_WARN_64_TO_32_BIT_CONVERSION = YES;
				GCC_WARN_ABOUT_RETURN_TYPE = YES_ERROR;
				GCC_WARN_UNDECLARED_SELECTOR = YES;
				GCC_WARN_UNINITIALIZED_AUTOS = YES_AGGRESSIVE;
				GCC_WARN_UNUSED_FUNCTION = YES;
				GCC_WARN_UNUSED_VARIABLE = YES;
				IPHONEOS_DEPLOYMENT_TARGET = 13.4;
				MTL_ENABLE_DEBUG_INFO = NO;
				MTL_FAST_MATH = YES;
				SDKROOT = iphoneos;
				SWIFT_COMPILATION_MODE = wholemodule;
				SWIFT_OPTIMIZATION_LEVEL = "-O";
				VALIDATE_PRODUCT = YES;
			};
			name = Release;
		};
		BA2DB5572474C99700B82910 /* Debug */ = {
			isa = XCBuildConfiguration;
			buildSettings = {
				ASSETCATALOG_COMPILER_APPICON_NAME = AppIcon;
				CODE_SIGN_STYLE = Automatic;
				INFOPLIST_FILE = BountyList/Info.plist;
				LD_RUNPATH_SEARCH_PATHS = (
					"$(inherited)",
					"@executable_path/Frameworks",
				);
				PRODUCT_BUNDLE_IDENTIFIER = pazravien.BountyList;
				PRODUCT_NAME = "$(TARGET_NAME)";
				SWIFT_VERSION = 5.0;
				TARGETED_DEVICE_FAMILY = "1,2";
			};
			name = Debug;
		};
		BA2DB5582474C99700B82910 /* Release */ = {
			isa = XCBuildConfiguration;
			buildSettings = {
				ASSETCATALOG_COMPILER_APPICON_NAME = AppIcon;
				CODE_SIGN_STYLE = Automatic;
				INFOPLIST_FILE = BountyList/Info.plist;
				LD_RUNPATH_SEARCH_PATHS = (
					"$(inherited)",
					"@executable_path/Frameworks",
				);
				PRODUCT_BUNDLE_IDENTIFIER = pazravien.BountyList;
				PRODUCT_NAME = "$(TARGET_NAME)";
				SWIFT_VERSION = 5.0;
				TARGETED_DEVICE_FAMILY = "1,2";
			};
			name = Release;
		};
/* End XCBuildConfiguration section */

/* Begin XCConfigurationList section */
		BA2DB53D2474C99600B82910 /* Build configuration list for PBXProject "BountyList" */ = {
			isa = XCConfigurationList;
			buildConfigurations = (
				BA2DB5542474C99700B82910 /* Debug */,
				BA2DB5552474C99700B82910 /* Release */,
			);
			defaultConfigurationIsVisible = 0;
			defaultConfigurationName = Release;
		};
		BA2DB5562474C99700B82910 /* Build configuration list for PBXNativeTarget "BountyList" */ = {
			isa = XCConfigurationList;
			buildConfigurations = (
				BA2DB5572474C99700B82910 /* Debug */,
				BA2DB5582474C99700B82910 /* Release */,
			);
			defaultConfigurationIsVisible = 0;
			defaultConfigurationName = Release;
		};
/* End XCConfigurationList section */
	};
	rootObject = BA2DB53A2474C99600B82910 /* Project object */;
}
